
Microsoft Visual Studio Solution File, Format Version 12.00
# Visual Studio 15
VisualStudioVersion = 15.0.28307.329
MinimumVisualStudioVersion = 10.0.40219.1
Project("{9A19103F-16F7-4668-BE54-9A1E7A4F7556}") = "ZEngine.Items.API", "ZEngine.Items.API\ZEngine.Items.API.csproj", "{9135611A-BF36-4DA4-AB01-15BA654AD9A6}"
EndProject
Project("{9A19103F-16F7-4668-BE54-9A1E7A4F7556}") = "ZEngine.Inventory.API", "ZEngine.Inventory.API\ZEngine.Inventory.API.csproj", "{D02A7FD5-0A4E-406F-9428-0F3D634D5C5C}"
EndProject
Project("{FAE04EC0-301F-11D3-BF4B-00C04F79EFBC}") = "ZEngine.Common.API", "ZEngine.Common.API\ZEngine.Common.API.csproj", "{314A140A-36C4-49A1-978D-898088C4CCF4}"
EndProject
Project("{FAE04EC0-301F-11D3-BF4B-00C04F79EFBC}") = "ZEngine.API", "ZEngine.API\ZEngine.API.csproj", "{250D4F0D-C011-4F79-99E3-8DE63573E899}"
EndProject
Project("{FAE04EC0-301F-11D3-BF4B-00C04F79EFBC}") = "Logging", "Logging\Logging.csproj", "{5333533D-4EAA-4A45-B1B2-83558CFC6097}"
EndProject
Global
	GlobalSection(SolutionConfigurationPlatforms) = preSolution
		Debug|Any CPU = Debug|Any CPU
		Release|Any CPU = Release|Any CPU
	EndGlobalSection
	GlobalSection(ProjectConfigurationPlatforms) = postSolution
		{9135611A-BF36-4DA4-AB01-15BA654AD9A6}.Debug|Any CPU.ActiveCfg = Debug|Any CPU
		{9135611A-BF36-4DA4-AB01-15BA654AD9A6}.Debug|Any CPU.Build.0 = Debug|Any CPU
		{9135611A-BF36-4DA4-AB01-15BA654AD9A6}.Release|Any CPU.ActiveCfg = Release|Any CPU
		{9135611A-BF36-4DA4-AB01-15BA654AD9A6}.Release|Any CPU.Build.0 = Release|Any CPU
		{D02A7FD5-0A4E-406F-9428-0F3D634D5C5C}.Debug|Any CPU.ActiveCfg = Debug|Any CPU
		{D02A7FD5-0A4E-406F-9428-0F3D634D5C5C}.Debug|Any CPU.Build.0 = Debug|Any CPU
		{D02A7FD5-0A4E-406F-9428-0F3D634D5C5C}.Release|Any CPU.ActiveCfg = Release|Any CPU
		{D02A7FD5-0A4E-406F-9428-0F3D634D5C5C}.Release|Any CPU.Build.0 = Release|Any CPU
		{314A140A-36C4-49A1-978D-898088C4CCF4}.Debug|Any CPU.ActiveCfg = Debug|Any CPU
		{314A140A-36C4-49A1-978D-898088C4CCF4}.Debug|Any CPU.Build.0 = Debug|Any CPU
		{314A140A-36C4-49A1-978D-898088C4CCF4}.Release|Any CPU.ActiveCfg = Release|Any CPU
		{314A140A-36C4-49A1-978D-898088C4CCF4}.Release|Any CPU.Build.0 = Release|Any CPU
		{250D4F0D-C011-4F79-99E3-8DE63573E899}.Debug|Any CPU.ActiveCfg = Debug|Any CPU
		{250D4F0D-C011-4F79-99E3-8DE63573E899}.Debug|Any CPU.Build.0 = Debug|Any CPU
		{250D4F0D-C011-4F79-99E3-8DE63573E899}.Release|Any CPU.ActiveCfg = Release|Any CPU
		{250D4F0D-C011-4F79-99E3-8DE63573E899}.Release|Any CPU.Build.0 = Release|Any CPU
		{5333533D-4EAA-4A45-B1B2-83558CFC6097}.Debug|Any CPU.ActiveCfg = Debug|Any CPU
		{5333533D-4EAA-4A45-B1B2-83558CFC6097}.Debug|Any CPU.Build.0 = Debug|Any CPU
		{5333533D-4EAA-4A45-B1B2-83558CFC6097}.Release|Any CPU.ActiveCfg = Release|Any CPU
		{5333533D-4EAA-4A45-B1B2-83558CFC6097}.Release|Any CPU.Build.0 = Release|Any CPU
	EndGlobalSection
	GlobalSection(SolutionProperties) = preSolution
		HideSolutionNode = FALSE
	EndGlobalSection
	GlobalSection(ExtensibilityGlobals) = postSolution
		SolutionGuid = {0DCBB2F5-3FC0-44E6-895C-0DDB29BE87C9}
	EndGlobalSection
EndGlobal
